
Microsoft Visual Studio Solution File, Format Version 12.00
# Visual Studio 14
VisualStudioVersion = 14.0.23107.0
MinimumVisualStudioVersion = 10.0.40219.1
Project("{FAE04EC0-301F-11D3-BF4B-00C04F79EFBC}") = "TTViewer_v0004", "TTViewer_v0004\TTViewer_v0004\TTViewer_v0004.csproj", "{FD90149C-3E8F-4A11-BD5E-E5127D15D33B}"
EndProject
Project("{FAE04EC0-301F-11D3-BF4B-00C04F79EFBC}") = "TTViewer_v0004.iOS", "TTViewer_v0004\TTViewer_v0004.iOS\TTViewer_v0004.iOS.csproj", "{B6A020A6-8A0D-4F36-B9FE-74F9C043C811}"
EndProject
Project("{FAE04EC0-301F-11D3-BF4B-00C04F79EFBC}") = "TTViewer_v0004.Droid", "TTViewer_v0004\TTViewer_v0004.Droid\TTViewer_v0004.Droid.csproj", "{1426EDE4-11B7-4235-A178-A4AE23B075C4}"
EndProject
Global
	GlobalSection(SolutionConfigurationPlatforms) = preSolution
		Ad-Hoc|Any CPU = Ad-Hoc|Any CPU
		Ad-Hoc|iPhone = Ad-Hoc|iPhone
		Ad-Hoc|iPhoneSimulator = Ad-Hoc|iPhoneSimulator
		AppStore|Any CPU = AppStore|Any CPU
		AppStore|iPhone = AppStore|iPhone
		AppStore|iPhoneSimulator = AppStore|iPhoneSimulator
		Debug|Any CPU = Debug|Any CPU
		Debug|iPhone = Debug|iPhone
		Debug|iPhoneSimulator = Debug|iPhoneSimulator
		Release|Any CPU = Release|Any CPU
		Release|iPhone = Release|iPhone
		Release|iPhoneSimulator = Release|iPhoneSimulator
	EndGlobalSection
	GlobalSection(ProjectConfigurationPlatforms) = postSolution
		{FD90149C-3E8F-4A11-BD5E-E5127D15D33B}.Ad-Hoc|Any CPU.ActiveCfg = Release|Any CPU
		{FD90149C-3E8F-4A11-BD5E-E5127D15D33B}.Ad-Hoc|Any CPU.Build.0 = Release|Any CPU
		{FD90149C-3E8F-4A11-BD5E-E5127D15D33B}.Ad-Hoc|iPhone.ActiveCfg = Release|Any CPU
		{FD90149C-3E8F-4A11-BD5E-E5127D15D33B}.Ad-Hoc|iPhone.Build.0 = Release|Any CPU
		{FD90149C-3E8F-4A11-BD5E-E5127D15D33B}.Ad-Hoc|iPhoneSimulator.ActiveCfg = Release|Any CPU
		{FD90149C-3E8F-4A11-BD5E-E5127D15D33B}.Ad-Hoc|iPhoneSimulator.Build.0 = Release|Any CPU
		{FD90149C-3E8F-4A11-BD5E-E5127D15D33B}.AppStore|Any CPU.ActiveCfg = Release|Any CPU
		{FD90149C-3E8F-4A11-BD5E-E5127D15D33B}.AppStore|Any CPU.Build.0 = Release|Any CPU
		{FD90149C-3E8F-4A11-BD5E-E5127D15D33B}.AppStore|iPhone.ActiveCfg = Release|Any CPU
		{FD90149C-3E8F-4A11-BD5E-E5127D15D33B}.AppStore|iPhone.Build.0 = Release|Any CPU
		{FD90149C-3E8F-4A11-BD5E-E5127D15D33B}.AppStore|iPhoneSimulator.ActiveCfg = Release|Any CPU
		{FD90149C-3E8F-4A11-BD5E-E5127D15D33B}.AppStore|iPhoneSimulator.Build.0 = Release|Any CPU
		{FD90149C-3E8F-4A11-BD5E-E5127D15D33B}.Debug|Any CPU.ActiveCfg = Debug|Any CPU
		{FD90149C-3E8F-4A11-BD5E-E5127D15D33B}.Debug|Any CPU.Build.0 = Debug|Any CPU
		{FD90149C-3E8F-4A11-BD5E-E5127D15D33B}.Debug|iPhone.ActiveCfg = Debug|Any CPU
		{FD90149C-3E8F-4A11-BD5E-E5127D15D33B}.Debug|iPhone.Build.0 = Debug|Any CPU
		{FD90149C-3E8F-4A11-BD5E-E5127D15D33B}.Debug|iPhoneSimulator.ActiveCfg = Debug|Any CPU
		{FD90149C-3E8F-4A11-BD5E-E5127D15D33B}.Debug|iPhoneSimulator.Build.0 = Debug|Any CPU
		{FD90149C-3E8F-4A11-BD5E-E5127D15D33B}.Release|Any CPU.ActiveCfg = Release|Any CPU
		{FD90149C-3E8F-4A11-BD5E-E5127D15D33B}.Release|Any CPU.Build.0 = Release|Any CPU
		{FD90149C-3E8F-4A11-BD5E-E5127D15D33B}.Release|iPhone.ActiveCfg = Release|Any CPU
		{FD90149C-3E8F-4A11-BD5E-E5127D15D33B}.Release|iPhone.Build.0 = Release|Any CPU
		{FD90149C-3E8F-4A11-BD5E-E5127D15D33B}.Release|iPhoneSimulator.ActiveCfg = Release|Any CPU
		{FD90149C-3E8F-4A11-BD5E-E5127D15D33B}.Release|iPhoneSimulator.Build.0 = Release|Any CPU
		{B6A020A6-8A0D-4F36-B9FE-74F9C043C811}.Ad-Hoc|Any CPU.ActiveCfg = Ad-Hoc|iPhone
		{B6A020A6-8A0D-4F36-B9FE-74F9C043C811}.Ad-Hoc|iPhone.ActiveCfg = Ad-Hoc|iPhone
		{B6A020A6-8A0D-4F36-B9FE-74F9C043C811}.Ad-Hoc|iPhone.Build.0 = Ad-Hoc|iPhone
		{B6A020A6-8A0D-4F36-B9FE-74F9C043C811}.Ad-Hoc|iPhoneSimulator.ActiveCfg = Ad-Hoc|iPhoneSimulator
		{B6A020A6-8A0D-4F36-B9FE-74F9C043C811}.Ad-Hoc|iPhoneSimulator.Build.0 = Ad-Hoc|iPhoneSimulator
		{B6A020A6-8A0D-4F36-B9FE-74F9C043C811}.AppStore|Any CPU.ActiveCfg = AppStore|iPhone
		{B6A020A6-8A0D-4F36-B9FE-74F9C043C811}.AppStore|iPhone.ActiveCfg = AppStore|iPhone
		{B6A020A6-8A0D-4F36-B9FE-74F9C043C811}.AppStore|iPhone.Build.0 = AppStore|iPhone
		{B6A020A6-8A0D-4F36-B9FE-74F9C043C811}.AppStore|iPhoneSimulator.ActiveCfg = AppStore|iPhoneSimulator
		{B6A020A6-8A0D-4F36-B9FE-74F9C043C811}.AppStore|iPhoneSimulator.Build.0 = AppStore|iPhoneSimulator
		{B6A020A6-8A0D-4F36-B9FE-74F9C043C811}.Debug|Any CPU.ActiveCfg = Debug|iPhone
		{B6A020A6-8A0D-4F36-B9FE-74F9C043C811}.Debug|iPhone.ActiveCfg = Debug|iPhone
		{B6A020A6-8A0D-4F36-B9FE-74F9C043C811}.Debug|iPhone.Build.0 = Debug|iPhone
		{B6A020A6-8A0D-4F36-B9FE-74F9C043C811}.Debug|iPhoneSimulator.ActiveCfg = Debug|iPhoneSimulator
		{B6A020A6-8A0D-4F36-B9FE-74F9C043C811}.Debug|iPhoneSimulator.Build.0 = Debug|iPhoneSimulator
		{B6A020A6-8A0D-4F36-B9FE-74F9C043C811}.Release|Any CPU.ActiveCfg = Release|iPhone
		{B6A020A6-8A0D-4F36-B9FE-74F9C043C811}.Release|iPhone.ActiveCfg = Release|iPhone
		{B6A020A6-8A0D-4F36-B9FE-74F9C043C811}.Release|iPhone.Build.0 = Release|iPhone
		{B6A020A6-8A0D-4F36-B9FE-74F9C043C811}.Release|iPhoneSimulator.ActiveCfg = Release|iPhoneSimulator
		{B6A020A6-8A0D-4F36-B9FE-74F9C043C811}.Release|iPhoneSimulator.Build.0 = Release|iPhoneSimulator
		{1426EDE4-11B7-4235-A178-A4AE23B075C4}.Ad-Hoc|Any CPU.ActiveCfg = Release|Any CPU
		{1426EDE4-11B7-4235-A178-A4AE23B075C4}.Ad-Hoc|Any CPU.Build.0 = Release|Any CPU
		{1426EDE4-11B7-4235-A178-A4AE23B075C4}.Ad-Hoc|Any CPU.Deploy.0 = Release|Any CPU
		{1426EDE4-11B7-4235-A178-A4AE23B075C4}.Ad-Hoc|iPhone.ActiveCfg = Release|Any CPU
		{1426EDE4-11B7-4235-A178-A4AE23B075C4}.Ad-Hoc|iPhone.Build.0 = Release|Any CPU
		{1426EDE4-11B7-4235-A178-A4AE23B075C4}.Ad-Hoc|iPhone.Deploy.0 = Release|Any CPU
		{1426EDE4-11B7-4235-A178-A4AE23B075C4}.Ad-Hoc|iPhoneSimulator.ActiveCfg = Release|Any CPU
		{1426EDE4-11B7-4235-A178-A4AE23B075C4}.Ad-Hoc|iPhoneSimulator.Build.0 = Release|Any CPU
		{1426EDE4-11B7-4235-A178-A4AE23B075C4}.Ad-Hoc|iPhoneSimulator.Deploy.0 = Release|Any CPU
		{1426EDE4-11B7-4235-A178-A4AE23B075C4}.AppStore|Any CPU.ActiveCfg = Release|Any CPU
		{1426EDE4-11B7-4235-A178-A4AE23B075C4}.AppStore|Any CPU.Build.0 = Release|Any CPU
		{1426EDE4-11B7-4235-A178-A4AE23B075C4}.AppStore|Any CPU.Deploy.0 = Release|Any CPU
		{1426EDE4-11B7-4235-A178-A4AE23B075C4}.AppStore|iPhone.ActiveCfg = Release|Any CPU
		{1426EDE4-11B7-4235-A178-A4AE23B075C4}.AppStore|iPhone.Build.0 = Release|Any CPU
		{1426EDE4-11B7-4235-A178-A4AE23B075C4}.AppStore|iPhone.Deploy.0 = Release|Any CPU
		{1426EDE4-11B7-4235-A178-A4AE23B075C4}.AppStore|iPhoneSimulator.ActiveCfg = Release|Any CPU
		{1426EDE4-11B7-4235-A178-A4AE23B075C4}.AppStore|iPhoneSimulator.Build.0 = Release|Any CPU
		{1426EDE4-11B7-4235-A178-A4AE23B075C4}.AppStore|iPhoneSimulator.Deploy.0 = Release|Any CPU
		{1426EDE4-11B7-4235-A178-A4AE23B075C4}.Debug|Any CPU.ActiveCfg = Debug|Any CPU
		{1426EDE4-11B7-4235-A178-A4AE23B075C4}.Debug|Any CPU.Build.0 = Debug|Any CPU
		{1426EDE4-11B7-4235-A178-A4AE23B075C4}.Debug|Any CPU.Deploy.0 = Debug|Any CPU
		{1426EDE4-11B7-4235-A178-A4AE23B075C4}.Debug|iPhone.ActiveCfg = Debug|Any CPU
		{1426EDE4-11B7-4235-A178-A4AE23B075C4}.Debug|iPhone.Build.0 = Debug|Any CPU
		{1426EDE4-11B7-4235-A178-A4AE23B075C4}.Debug|iPhone.Deploy.0 = Debug|Any CPU
		{1426EDE4-11B7-4235-A178-A4AE23B075C4}.Debug|iPhoneSimulator.ActiveCfg = Debug|Any CPU
		{1426EDE4-11B7-4235-A178-A4AE23B075C4}.Debug|iPhoneSimulator.Build.0 = Debug|Any CPU
		{1426EDE4-11B7-4235-A178-A4AE23B075C4}.Debug|iPhoneSimulator.Deploy.0 = Debug|Any CPU
		{1426EDE4-11B7-4235-A178-A4AE23B075C4}.Release|Any CPU.ActiveCfg = Release|Any CPU
		{1426EDE4-11B7-4235-A178-A4AE23B075C4}.Release|Any CPU.Build.0 = Release|Any CPU
		{1426EDE4-11B7-4235-A178-A4AE23B075C4}.Release|Any CPU.Deploy.0 = Release|Any CPU
		{1426EDE4-11B7-4235-A178-A4AE23B075C4}.Release|iPhone.ActiveCfg = Release|Any CPU
		{1426EDE4-11B7-4235-A178-A4AE23B075C4}.Release|iPhone.Build.0 = Release|Any CPU
		{1426EDE4-11B7-4235-A178-A4AE23B075C4}.Release|iPhone.Deploy.0 = Release|Any CPU
		{1426EDE4-11B7-4235-A178-A4AE23B075C4}.Release|iPhoneSimulator.ActiveCfg = Release|Any CPU
		{1426EDE4-11B7-4235-A178-A4AE23B075C4}.Release|iPhoneSimulator.Build.0 = Release|Any CPU
		{1426EDE4-11B7-4235-A178-A4AE23B075C4}.Release|iPhoneSimulator.Deploy.0 = Release|Any CPU
	EndGlobalSection
	GlobalSection(SolutionProperties) = preSolution
		HideSolutionNode = FALSE
	EndGlobalSection
EndGlobal
