
Microsoft Visual Studio Solution File, Format Version 12.00
# Visual Studio 14
VisualStudioVersion = 14.0.23107.0
MinimumVisualStudioVersion = 10.0.40219.1
Project("{FAE04EC0-301F-11D3-BF4B-00C04F79EFBC}") = "App2", "App2\App2\App2.csproj", "{49BE740C-D587-415A-9426-ECD0C8433551}"
EndProject
Project("{FAE04EC0-301F-11D3-BF4B-00C04F79EFBC}") = "App2.iOS", "App2\App2.iOS\App2.iOS.csproj", "{F07C7EA1-4F57-4B36-A32F-3CA4F8509AEB}"
EndProject
Project("{FAE04EC0-301F-11D3-BF4B-00C04F79EFBC}") = "App2.Droid", "App2\App2.Droid\App2.Droid.csproj", "{420DCF39-1C85-49FF-8716-6EAABF6C457B}"
EndProject
Global
	GlobalSection(SolutionConfigurationPlatforms) = preSolution
		Ad-Hoc|Any CPU = Ad-Hoc|Any CPU
		Ad-Hoc|iPhone = Ad-Hoc|iPhone
		Ad-Hoc|iPhoneSimulator = Ad-Hoc|iPhoneSimulator
		AppStore|Any CPU = AppStore|Any CPU
		AppStore|iPhone = AppStore|iPhone
		AppStore|iPhoneSimulator = AppStore|iPhoneSimulator
		Debug|Any CPU = Debug|Any CPU
		Debug|iPhone = Debug|iPhone
		Debug|iPhoneSimulator = Debug|iPhoneSimulator
		Release|Any CPU = Release|Any CPU
		Release|iPhone = Release|iPhone
		Release|iPhoneSimulator = Release|iPhoneSimulator
	EndGlobalSection
	GlobalSection(ProjectConfigurationPlatforms) = postSolution
		{49BE740C-D587-415A-9426-ECD0C8433551}.Ad-Hoc|Any CPU.ActiveCfg = Release|Any CPU
		{49BE740C-D587-415A-9426-ECD0C8433551}.Ad-Hoc|Any CPU.Build.0 = Release|Any CPU
		{49BE740C-D587-415A-9426-ECD0C8433551}.Ad-Hoc|iPhone.ActiveCfg = Release|Any CPU
		{49BE740C-D587-415A-9426-ECD0C8433551}.Ad-Hoc|iPhone.Build.0 = Release|Any CPU
		{49BE740C-D587-415A-9426-ECD0C8433551}.Ad-Hoc|iPhoneSimulator.ActiveCfg = Release|Any CPU
		{49BE740C-D587-415A-9426-ECD0C8433551}.Ad-Hoc|iPhoneSimulator.Build.0 = Release|Any CPU
		{49BE740C-D587-415A-9426-ECD0C8433551}.AppStore|Any CPU.ActiveCfg = Release|Any CPU
		{49BE740C-D587-415A-9426-ECD0C8433551}.AppStore|Any CPU.Build.0 = Release|Any CPU
		{49BE740C-D587-415A-9426-ECD0C8433551}.AppStore|iPhone.ActiveCfg = Release|Any CPU
		{49BE740C-D587-415A-9426-ECD0C8433551}.AppStore|iPhone.Build.0 = Release|Any CPU
		{49BE740C-D587-415A-9426-ECD0C8433551}.AppStore|iPhoneSimulator.ActiveCfg = Release|Any CPU
		{49BE740C-D587-415A-9426-ECD0C8433551}.AppStore|iPhoneSimulator.Build.0 = Release|Any CPU
		{49BE740C-D587-415A-9426-ECD0C8433551}.Debug|Any CPU.ActiveCfg = Debug|Any CPU
		{49BE740C-D587-415A-9426-ECD0C8433551}.Debug|Any CPU.Build.0 = Debug|Any CPU
		{49BE740C-D587-415A-9426-ECD0C8433551}.Debug|iPhone.ActiveCfg = Debug|Any CPU
		{49BE740C-D587-415A-9426-ECD0C8433551}.Debug|iPhone.Build.0 = Debug|Any CPU
		{49BE740C-D587-415A-9426-ECD0C8433551}.Debug|iPhoneSimulator.ActiveCfg = Debug|Any CPU
		{49BE740C-D587-415A-9426-ECD0C8433551}.Debug|iPhoneSimulator.Build.0 = Debug|Any CPU
		{49BE740C-D587-415A-9426-ECD0C8433551}.Release|Any CPU.ActiveCfg = Release|Any CPU
		{49BE740C-D587-415A-9426-ECD0C8433551}.Release|Any CPU.Build.0 = Release|Any CPU
		{49BE740C-D587-415A-9426-ECD0C8433551}.Release|iPhone.ActiveCfg = Release|Any CPU
		{49BE740C-D587-415A-9426-ECD0C8433551}.Release|iPhone.Build.0 = Release|Any CPU
		{49BE740C-D587-415A-9426-ECD0C8433551}.Release|iPhoneSimulator.ActiveCfg = Release|Any CPU
		{49BE740C-D587-415A-9426-ECD0C8433551}.Release|iPhoneSimulator.Build.0 = Release|Any CPU
		{F07C7EA1-4F57-4B36-A32F-3CA4F8509AEB}.Ad-Hoc|Any CPU.ActiveCfg = Ad-Hoc|iPhone
		{F07C7EA1-4F57-4B36-A32F-3CA4F8509AEB}.Ad-Hoc|iPhone.ActiveCfg = Ad-Hoc|iPhone
		{F07C7EA1-4F57-4B36-A32F-3CA4F8509AEB}.Ad-Hoc|iPhone.Build.0 = Ad-Hoc|iPhone
		{F07C7EA1-4F57-4B36-A32F-3CA4F8509AEB}.Ad-Hoc|iPhoneSimulator.ActiveCfg = Ad-Hoc|iPhoneSimulator
		{F07C7EA1-4F57-4B36-A32F-3CA4F8509AEB}.Ad-Hoc|iPhoneSimulator.Build.0 = Ad-Hoc|iPhoneSimulator
		{F07C7EA1-4F57-4B36-A32F-3CA4F8509AEB}.AppStore|Any CPU.ActiveCfg = AppStore|iPhone
		{F07C7EA1-4F57-4B36-A32F-3CA4F8509AEB}.AppStore|iPhone.ActiveCfg = AppStore|iPhone
		{F07C7EA1-4F57-4B36-A32F-3CA4F8509AEB}.AppStore|iPhone.Build.0 = AppStore|iPhone
		{F07C7EA1-4F57-4B36-A32F-3CA4F8509AEB}.AppStore|iPhoneSimulator.ActiveCfg = AppStore|iPhoneSimulator
		{F07C7EA1-4F57-4B36-A32F-3CA4F8509AEB}.AppStore|iPhoneSimulator.Build.0 = AppStore|iPhoneSimulator
		{F07C7EA1-4F57-4B36-A32F-3CA4F8509AEB}.Debug|Any CPU.ActiveCfg = Debug|iPhone
		{F07C7EA1-4F57-4B36-A32F-3CA4F8509AEB}.Debug|iPhone.ActiveCfg = Debug|iPhone
		{F07C7EA1-4F57-4B36-A32F-3CA4F8509AEB}.Debug|iPhone.Build.0 = Debug|iPhone
		{F07C7EA1-4F57-4B36-A32F-3CA4F8509AEB}.Debug|iPhoneSimulator.ActiveCfg = Debug|iPhoneSimulator
		{F07C7EA1-4F57-4B36-A32F-3CA4F8509AEB}.Debug|iPhoneSimulator.Build.0 = Debug|iPhoneSimulator
		{F07C7EA1-4F57-4B36-A32F-3CA4F8509AEB}.Release|Any CPU.ActiveCfg = Release|iPhone
		{F07C7EA1-4F57-4B36-A32F-3CA4F8509AEB}.Release|iPhone.ActiveCfg = Release|iPhone
		{F07C7EA1-4F57-4B36-A32F-3CA4F8509AEB}.Release|iPhone.Build.0 = Release|iPhone
		{F07C7EA1-4F57-4B36-A32F-3CA4F8509AEB}.Release|iPhoneSimulator.ActiveCfg = Release|iPhoneSimulator
		{F07C7EA1-4F57-4B36-A32F-3CA4F8509AEB}.Release|iPhoneSimulator.Build.0 = Release|iPhoneSimulator
		{420DCF39-1C85-49FF-8716-6EAABF6C457B}.Ad-Hoc|Any CPU.ActiveCfg = Release|Any CPU
		{420DCF39-1C85-49FF-8716-6EAABF6C457B}.Ad-Hoc|Any CPU.Build.0 = Release|Any CPU
		{420DCF39-1C85-49FF-8716-6EAABF6C457B}.Ad-Hoc|Any CPU.Deploy.0 = Release|Any CPU
		{420DCF39-1C85-49FF-8716-6EAABF6C457B}.Ad-Hoc|iPhone.ActiveCfg = Release|Any CPU
		{420DCF39-1C85-49FF-8716-6EAABF6C457B}.Ad-Hoc|iPhone.Build.0 = Release|Any CPU
		{420DCF39-1C85-49FF-8716-6EAABF6C457B}.Ad-Hoc|iPhone.Deploy.0 = Release|Any CPU
		{420DCF39-1C85-49FF-8716-6EAABF6C457B}.Ad-Hoc|iPhoneSimulator.ActiveCfg = Release|Any CPU
		{420DCF39-1C85-49FF-8716-6EAABF6C457B}.Ad-Hoc|iPhoneSimulator.Build.0 = Release|Any CPU
		{420DCF39-1C85-49FF-8716-6EAABF6C457B}.Ad-Hoc|iPhoneSimulator.Deploy.0 = Release|Any CPU
		{420DCF39-1C85-49FF-8716-6EAABF6C457B}.AppStore|Any CPU.ActiveCfg = Release|Any CPU
		{420DCF39-1C85-49FF-8716-6EAABF6C457B}.AppStore|Any CPU.Build.0 = Release|Any CPU
		{420DCF39-1C85-49FF-8716-6EAABF6C457B}.AppStore|Any CPU.Deploy.0 = Release|Any CPU
		{420DCF39-1C85-49FF-8716-6EAABF6C457B}.AppStore|iPhone.ActiveCfg = Release|Any CPU
		{420DCF39-1C85-49FF-8716-6EAABF6C457B}.AppStore|iPhone.Build.0 = Release|Any CPU
		{420DCF39-1C85-49FF-8716-6EAABF6C457B}.AppStore|iPhone.Deploy.0 = Release|Any CPU
		{420DCF39-1C85-49FF-8716-6EAABF6C457B}.AppStore|iPhoneSimulator.ActiveCfg = Release|Any CPU
		{420DCF39-1C85-49FF-8716-6EAABF6C457B}.AppStore|iPhoneSimulator.Build.0 = Release|Any CPU
		{420DCF39-1C85-49FF-8716-6EAABF6C457B}.AppStore|iPhoneSimulator.Deploy.0 = Release|Any CPU
		{420DCF39-1C85-49FF-8716-6EAABF6C457B}.Debug|Any CPU.ActiveCfg = Debug|Any CPU
		{420DCF39-1C85-49FF-8716-6EAABF6C457B}.Debug|Any CPU.Build.0 = Debug|Any CPU
		{420DCF39-1C85-49FF-8716-6EAABF6C457B}.Debug|Any CPU.Deploy.0 = Debug|Any CPU
		{420DCF39-1C85-49FF-8716-6EAABF6C457B}.Debug|iPhone.ActiveCfg = Debug|Any CPU
		{420DCF39-1C85-49FF-8716-6EAABF6C457B}.Debug|iPhone.Build.0 = Debug|Any CPU
		{420DCF39-1C85-49FF-8716-6EAABF6C457B}.Debug|iPhone.Deploy.0 = Debug|Any CPU
		{420DCF39-1C85-49FF-8716-6EAABF6C457B}.Debug|iPhoneSimulator.ActiveCfg = Debug|Any CPU
		{420DCF39-1C85-49FF-8716-6EAABF6C457B}.Debug|iPhoneSimulator.Build.0 = Debug|Any CPU
		{420DCF39-1C85-49FF-8716-6EAABF6C457B}.Debug|iPhoneSimulator.Deploy.0 = Debug|Any CPU
		{420DCF39-1C85-49FF-8716-6EAABF6C457B}.Release|Any CPU.ActiveCfg = Release|Any CPU
		{420DCF39-1C85-49FF-8716-6EAABF6C457B}.Release|Any CPU.Build.0 = Release|Any CPU
		{420DCF39-1C85-49FF-8716-6EAABF6C457B}.Release|Any CPU.Deploy.0 = Release|Any CPU
		{420DCF39-1C85-49FF-8716-6EAABF6C457B}.Release|iPhone.ActiveCfg = Release|Any CPU
		{420DCF39-1C85-49FF-8716-6EAABF6C457B}.Release|iPhone.Build.0 = Release|Any CPU
		{420DCF39-1C85-49FF-8716-6EAABF6C457B}.Release|iPhone.Deploy.0 = Release|Any CPU
		{420DCF39-1C85-49FF-8716-6EAABF6C457B}.Release|iPhoneSimulator.ActiveCfg = Release|Any CPU
		{420DCF39-1C85-49FF-8716-6EAABF6C457B}.Release|iPhoneSimulator.Build.0 = Release|Any CPU
		{420DCF39-1C85-49FF-8716-6EAABF6C457B}.Release|iPhoneSimulator.Deploy.0 = Release|Any CPU
	EndGlobalSection
	GlobalSection(SolutionProperties) = preSolution
		HideSolutionNode = FALSE
	EndGlobalSection
EndGlobal
