
Microsoft Visual Studio Solution File, Format Version 12.00
# Visual Studio 14
VisualStudioVersion = 14.0.23107.0
MinimumVisualStudioVersion = 10.0.40219.1
Project("{FAE04EC0-301F-11D3-BF4B-00C04F79EFBC}") = "TTViewer_v0002", "TTViewer_v0002\TTViewer_v0002\TTViewer_v0002.csproj", "{7E8EF436-E806-496B-BB4F-376ECAFA4E4B}"
EndProject
Project("{FAE04EC0-301F-11D3-BF4B-00C04F79EFBC}") = "TTViewer_v0002.iOS", "TTViewer_v0002\TTViewer_v0002.iOS\TTViewer_v0002.iOS.csproj", "{3E850C53-AE08-470D-9806-D4F55D9FE063}"
EndProject
Project("{FAE04EC0-301F-11D3-BF4B-00C04F79EFBC}") = "TTViewer_v0002.Droid", "TTViewer_v0002\TTViewer_v0002.Droid\TTViewer_v0002.Droid.csproj", "{576AA8B5-1C0E-41AE-90AE-B7D6A89D539C}"
EndProject
Global
	GlobalSection(SolutionConfigurationPlatforms) = preSolution
		Ad-Hoc|Any CPU = Ad-Hoc|Any CPU
		Ad-Hoc|iPhone = Ad-Hoc|iPhone
		Ad-Hoc|iPhoneSimulator = Ad-Hoc|iPhoneSimulator
		AppStore|Any CPU = AppStore|Any CPU
		AppStore|iPhone = AppStore|iPhone
		AppStore|iPhoneSimulator = AppStore|iPhoneSimulator
		Debug|Any CPU = Debug|Any CPU
		Debug|iPhone = Debug|iPhone
		Debug|iPhoneSimulator = Debug|iPhoneSimulator
		Release|Any CPU = Release|Any CPU
		Release|iPhone = Release|iPhone
		Release|iPhoneSimulator = Release|iPhoneSimulator
	EndGlobalSection
	GlobalSection(ProjectConfigurationPlatforms) = postSolution
		{7E8EF436-E806-496B-BB4F-376ECAFA4E4B}.Ad-Hoc|Any CPU.ActiveCfg = Release|Any CPU
		{7E8EF436-E806-496B-BB4F-376ECAFA4E4B}.Ad-Hoc|Any CPU.Build.0 = Release|Any CPU
		{7E8EF436-E806-496B-BB4F-376ECAFA4E4B}.Ad-Hoc|iPhone.ActiveCfg = Release|Any CPU
		{7E8EF436-E806-496B-BB4F-376ECAFA4E4B}.Ad-Hoc|iPhone.Build.0 = Release|Any CPU
		{7E8EF436-E806-496B-BB4F-376ECAFA4E4B}.Ad-Hoc|iPhoneSimulator.ActiveCfg = Release|Any CPU
		{7E8EF436-E806-496B-BB4F-376ECAFA4E4B}.Ad-Hoc|iPhoneSimulator.Build.0 = Release|Any CPU
		{7E8EF436-E806-496B-BB4F-376ECAFA4E4B}.AppStore|Any CPU.ActiveCfg = Release|Any CPU
		{7E8EF436-E806-496B-BB4F-376ECAFA4E4B}.AppStore|Any CPU.Build.0 = Release|Any CPU
		{7E8EF436-E806-496B-BB4F-376ECAFA4E4B}.AppStore|iPhone.ActiveCfg = Release|Any CPU
		{7E8EF436-E806-496B-BB4F-376ECAFA4E4B}.AppStore|iPhone.Build.0 = Release|Any CPU
		{7E8EF436-E806-496B-BB4F-376ECAFA4E4B}.AppStore|iPhoneSimulator.ActiveCfg = Release|Any CPU
		{7E8EF436-E806-496B-BB4F-376ECAFA4E4B}.AppStore|iPhoneSimulator.Build.0 = Release|Any CPU
		{7E8EF436-E806-496B-BB4F-376ECAFA4E4B}.Debug|Any CPU.ActiveCfg = Debug|Any CPU
		{7E8EF436-E806-496B-BB4F-376ECAFA4E4B}.Debug|Any CPU.Build.0 = Debug|Any CPU
		{7E8EF436-E806-496B-BB4F-376ECAFA4E4B}.Debug|iPhone.ActiveCfg = Debug|Any CPU
		{7E8EF436-E806-496B-BB4F-376ECAFA4E4B}.Debug|iPhone.Build.0 = Debug|Any CPU
		{7E8EF436-E806-496B-BB4F-376ECAFA4E4B}.Debug|iPhoneSimulator.ActiveCfg = Debug|Any CPU
		{7E8EF436-E806-496B-BB4F-376ECAFA4E4B}.Debug|iPhoneSimulator.Build.0 = Debug|Any CPU
		{7E8EF436-E806-496B-BB4F-376ECAFA4E4B}.Release|Any CPU.ActiveCfg = Release|Any CPU
		{7E8EF436-E806-496B-BB4F-376ECAFA4E4B}.Release|Any CPU.Build.0 = Release|Any CPU
		{7E8EF436-E806-496B-BB4F-376ECAFA4E4B}.Release|iPhone.ActiveCfg = Release|Any CPU
		{7E8EF436-E806-496B-BB4F-376ECAFA4E4B}.Release|iPhone.Build.0 = Release|Any CPU
		{7E8EF436-E806-496B-BB4F-376ECAFA4E4B}.Release|iPhoneSimulator.ActiveCfg = Release|Any CPU
		{7E8EF436-E806-496B-BB4F-376ECAFA4E4B}.Release|iPhoneSimulator.Build.0 = Release|Any CPU
		{3E850C53-AE08-470D-9806-D4F55D9FE063}.Ad-Hoc|Any CPU.ActiveCfg = Ad-Hoc|iPhone
		{3E850C53-AE08-470D-9806-D4F55D9FE063}.Ad-Hoc|iPhone.ActiveCfg = Ad-Hoc|iPhone
		{3E850C53-AE08-470D-9806-D4F55D9FE063}.Ad-Hoc|iPhone.Build.0 = Ad-Hoc|iPhone
		{3E850C53-AE08-470D-9806-D4F55D9FE063}.Ad-Hoc|iPhoneSimulator.ActiveCfg = Ad-Hoc|iPhoneSimulator
		{3E850C53-AE08-470D-9806-D4F55D9FE063}.Ad-Hoc|iPhoneSimulator.Build.0 = Ad-Hoc|iPhoneSimulator
		{3E850C53-AE08-470D-9806-D4F55D9FE063}.AppStore|Any CPU.ActiveCfg = AppStore|iPhone
		{3E850C53-AE08-470D-9806-D4F55D9FE063}.AppStore|iPhone.ActiveCfg = AppStore|iPhone
		{3E850C53-AE08-470D-9806-D4F55D9FE063}.AppStore|iPhone.Build.0 = AppStore|iPhone
		{3E850C53-AE08-470D-9806-D4F55D9FE063}.AppStore|iPhoneSimulator.ActiveCfg = AppStore|iPhoneSimulator
		{3E850C53-AE08-470D-9806-D4F55D9FE063}.AppStore|iPhoneSimulator.Build.0 = AppStore|iPhoneSimulator
		{3E850C53-AE08-470D-9806-D4F55D9FE063}.Debug|Any CPU.ActiveCfg = Debug|iPhone
		{3E850C53-AE08-470D-9806-D4F55D9FE063}.Debug|iPhone.ActiveCfg = Debug|iPhone
		{3E850C53-AE08-470D-9806-D4F55D9FE063}.Debug|iPhone.Build.0 = Debug|iPhone
		{3E850C53-AE08-470D-9806-D4F55D9FE063}.Debug|iPhoneSimulator.ActiveCfg = Debug|iPhoneSimulator
		{3E850C53-AE08-470D-9806-D4F55D9FE063}.Debug|iPhoneSimulator.Build.0 = Debug|iPhoneSimulator
		{3E850C53-AE08-470D-9806-D4F55D9FE063}.Release|Any CPU.ActiveCfg = Release|iPhone
		{3E850C53-AE08-470D-9806-D4F55D9FE063}.Release|iPhone.ActiveCfg = Release|iPhone
		{3E850C53-AE08-470D-9806-D4F55D9FE063}.Release|iPhone.Build.0 = Release|iPhone
		{3E850C53-AE08-470D-9806-D4F55D9FE063}.Release|iPhoneSimulator.ActiveCfg = Release|iPhoneSimulator
		{3E850C53-AE08-470D-9806-D4F55D9FE063}.Release|iPhoneSimulator.Build.0 = Release|iPhoneSimulator
		{576AA8B5-1C0E-41AE-90AE-B7D6A89D539C}.Ad-Hoc|Any CPU.ActiveCfg = Release|Any CPU
		{576AA8B5-1C0E-41AE-90AE-B7D6A89D539C}.Ad-Hoc|Any CPU.Build.0 = Release|Any CPU
		{576AA8B5-1C0E-41AE-90AE-B7D6A89D539C}.Ad-Hoc|Any CPU.Deploy.0 = Release|Any CPU
		{576AA8B5-1C0E-41AE-90AE-B7D6A89D539C}.Ad-Hoc|iPhone.ActiveCfg = Release|Any CPU
		{576AA8B5-1C0E-41AE-90AE-B7D6A89D539C}.Ad-Hoc|iPhone.Build.0 = Release|Any CPU
		{576AA8B5-1C0E-41AE-90AE-B7D6A89D539C}.Ad-Hoc|iPhone.Deploy.0 = Release|Any CPU
		{576AA8B5-1C0E-41AE-90AE-B7D6A89D539C}.Ad-Hoc|iPhoneSimulator.ActiveCfg = Release|Any CPU
		{576AA8B5-1C0E-41AE-90AE-B7D6A89D539C}.Ad-Hoc|iPhoneSimulator.Build.0 = Release|Any CPU
		{576AA8B5-1C0E-41AE-90AE-B7D6A89D539C}.Ad-Hoc|iPhoneSimulator.Deploy.0 = Release|Any CPU
		{576AA8B5-1C0E-41AE-90AE-B7D6A89D539C}.AppStore|Any CPU.ActiveCfg = Release|Any CPU
		{576AA8B5-1C0E-41AE-90AE-B7D6A89D539C}.AppStore|Any CPU.Build.0 = Release|Any CPU
		{576AA8B5-1C0E-41AE-90AE-B7D6A89D539C}.AppStore|Any CPU.Deploy.0 = Release|Any CPU
		{576AA8B5-1C0E-41AE-90AE-B7D6A89D539C}.AppStore|iPhone.ActiveCfg = Release|Any CPU
		{576AA8B5-1C0E-41AE-90AE-B7D6A89D539C}.AppStore|iPhone.Build.0 = Release|Any CPU
		{576AA8B5-1C0E-41AE-90AE-B7D6A89D539C}.AppStore|iPhone.Deploy.0 = Release|Any CPU
		{576AA8B5-1C0E-41AE-90AE-B7D6A89D539C}.AppStore|iPhoneSimulator.ActiveCfg = Release|Any CPU
		{576AA8B5-1C0E-41AE-90AE-B7D6A89D539C}.AppStore|iPhoneSimulator.Build.0 = Release|Any CPU
		{576AA8B5-1C0E-41AE-90AE-B7D6A89D539C}.AppStore|iPhoneSimulator.Deploy.0 = Release|Any CPU
		{576AA8B5-1C0E-41AE-90AE-B7D6A89D539C}.Debug|Any CPU.ActiveCfg = Debug|Any CPU
		{576AA8B5-1C0E-41AE-90AE-B7D6A89D539C}.Debug|Any CPU.Build.0 = Debug|Any CPU
		{576AA8B5-1C0E-41AE-90AE-B7D6A89D539C}.Debug|Any CPU.Deploy.0 = Debug|Any CPU
		{576AA8B5-1C0E-41AE-90AE-B7D6A89D539C}.Debug|iPhone.ActiveCfg = Debug|Any CPU
		{576AA8B5-1C0E-41AE-90AE-B7D6A89D539C}.Debug|iPhone.Build.0 = Debug|Any CPU
		{576AA8B5-1C0E-41AE-90AE-B7D6A89D539C}.Debug|iPhone.Deploy.0 = Debug|Any CPU
		{576AA8B5-1C0E-41AE-90AE-B7D6A89D539C}.Debug|iPhoneSimulator.ActiveCfg = Debug|Any CPU
		{576AA8B5-1C0E-41AE-90AE-B7D6A89D539C}.Debug|iPhoneSimulator.Build.0 = Debug|Any CPU
		{576AA8B5-1C0E-41AE-90AE-B7D6A89D539C}.Debug|iPhoneSimulator.Deploy.0 = Debug|Any CPU
		{576AA8B5-1C0E-41AE-90AE-B7D6A89D539C}.Release|Any CPU.ActiveCfg = Release|Any CPU
		{576AA8B5-1C0E-41AE-90AE-B7D6A89D539C}.Release|Any CPU.Build.0 = Release|Any CPU
		{576AA8B5-1C0E-41AE-90AE-B7D6A89D539C}.Release|Any CPU.Deploy.0 = Release|Any CPU
		{576AA8B5-1C0E-41AE-90AE-B7D6A89D539C}.Release|iPhone.ActiveCfg = Release|Any CPU
		{576AA8B5-1C0E-41AE-90AE-B7D6A89D539C}.Release|iPhone.Build.0 = Release|Any CPU
		{576AA8B5-1C0E-41AE-90AE-B7D6A89D539C}.Release|iPhone.Deploy.0 = Release|Any CPU
		{576AA8B5-1C0E-41AE-90AE-B7D6A89D539C}.Release|iPhoneSimulator.ActiveCfg = Release|Any CPU
		{576AA8B5-1C0E-41AE-90AE-B7D6A89D539C}.Release|iPhoneSimulator.Build.0 = Release|Any CPU
		{576AA8B5-1C0E-41AE-90AE-B7D6A89D539C}.Release|iPhoneSimulator.Deploy.0 = Release|Any CPU
	EndGlobalSection
	GlobalSection(SolutionProperties) = preSolution
		HideSolutionNode = FALSE
	EndGlobalSection
EndGlobal
