
Microsoft Visual Studio Solution File, Format Version 12.00
# Visual Studio 14
VisualStudioVersion = 14.0.23107.0
MinimumVisualStudioVersion = 10.0.40219.1
Project("{D954291E-2A0B-460D-934E-DC6B0785DB48}") = "TTViewer_v0005", "TTViewer_v0005\TTViewer_v0005\TTViewer_v0005.shproj", "{6BC64C50-E410-4908-8C02-8F5FC078F92D}"
EndProject
Project("{FAE04EC0-301F-11D3-BF4B-00C04F79EFBC}") = "TTViewer_v0005.iOS", "TTViewer_v0005\TTViewer_v0005.iOS\TTViewer_v0005.iOS.csproj", "{B23A64E4-40E9-4DEF-8533-E7BA263D2803}"
EndProject
Project("{FAE04EC0-301F-11D3-BF4B-00C04F79EFBC}") = "TTViewer_v0005.Droid", "TTViewer_v0005\TTViewer_v0005.Droid\TTViewer_v0005.Droid.csproj", "{32863686-BE81-40F5-8A50-606D051F2F96}"
EndProject
Global
	GlobalSection(SharedMSBuildProjectFiles) = preSolution
		TTViewer_v0005\TTViewer_v0005\TTViewer_v0005.projitems*{32863686-be81-40f5-8a50-606d051f2f96}*SharedItemsImports = 4
		TTViewer_v0005\TTViewer_v0005\TTViewer_v0005.projitems*{6bc64c50-e410-4908-8c02-8f5fc078f92d}*SharedItemsImports = 13
		TTViewer_v0005\TTViewer_v0005\TTViewer_v0005.projitems*{b23a64e4-40e9-4def-8533-e7ba263d2803}*SharedItemsImports = 4
	EndGlobalSection
	GlobalSection(SolutionConfigurationPlatforms) = preSolution
		Ad-Hoc|Any CPU = Ad-Hoc|Any CPU
		Ad-Hoc|iPhone = Ad-Hoc|iPhone
		Ad-Hoc|iPhoneSimulator = Ad-Hoc|iPhoneSimulator
		AppStore|Any CPU = AppStore|Any CPU
		AppStore|iPhone = AppStore|iPhone
		AppStore|iPhoneSimulator = AppStore|iPhoneSimulator
		Debug|Any CPU = Debug|Any CPU
		Debug|iPhone = Debug|iPhone
		Debug|iPhoneSimulator = Debug|iPhoneSimulator
		Release|Any CPU = Release|Any CPU
		Release|iPhone = Release|iPhone
		Release|iPhoneSimulator = Release|iPhoneSimulator
	EndGlobalSection
	GlobalSection(ProjectConfigurationPlatforms) = postSolution
		{B23A64E4-40E9-4DEF-8533-E7BA263D2803}.Ad-Hoc|Any CPU.ActiveCfg = Ad-Hoc|iPhone
		{B23A64E4-40E9-4DEF-8533-E7BA263D2803}.Ad-Hoc|iPhone.ActiveCfg = Ad-Hoc|iPhone
		{B23A64E4-40E9-4DEF-8533-E7BA263D2803}.Ad-Hoc|iPhone.Build.0 = Ad-Hoc|iPhone
		{B23A64E4-40E9-4DEF-8533-E7BA263D2803}.Ad-Hoc|iPhoneSimulator.ActiveCfg = Ad-Hoc|iPhoneSimulator
		{B23A64E4-40E9-4DEF-8533-E7BA263D2803}.Ad-Hoc|iPhoneSimulator.Build.0 = Ad-Hoc|iPhoneSimulator
		{B23A64E4-40E9-4DEF-8533-E7BA263D2803}.AppStore|Any CPU.ActiveCfg = AppStore|iPhone
		{B23A64E4-40E9-4DEF-8533-E7BA263D2803}.AppStore|iPhone.ActiveCfg = AppStore|iPhone
		{B23A64E4-40E9-4DEF-8533-E7BA263D2803}.AppStore|iPhone.Build.0 = AppStore|iPhone
		{B23A64E4-40E9-4DEF-8533-E7BA263D2803}.AppStore|iPhoneSimulator.ActiveCfg = AppStore|iPhoneSimulator
		{B23A64E4-40E9-4DEF-8533-E7BA263D2803}.AppStore|iPhoneSimulator.Build.0 = AppStore|iPhoneSimulator
		{B23A64E4-40E9-4DEF-8533-E7BA263D2803}.Debug|Any CPU.ActiveCfg = Debug|iPhone
		{B23A64E4-40E9-4DEF-8533-E7BA263D2803}.Debug|iPhone.ActiveCfg = Debug|iPhone
		{B23A64E4-40E9-4DEF-8533-E7BA263D2803}.Debug|iPhone.Build.0 = Debug|iPhone
		{B23A64E4-40E9-4DEF-8533-E7BA263D2803}.Debug|iPhoneSimulator.ActiveCfg = Debug|iPhoneSimulator
		{B23A64E4-40E9-4DEF-8533-E7BA263D2803}.Debug|iPhoneSimulator.Build.0 = Debug|iPhoneSimulator
		{B23A64E4-40E9-4DEF-8533-E7BA263D2803}.Release|Any CPU.ActiveCfg = Release|iPhone
		{B23A64E4-40E9-4DEF-8533-E7BA263D2803}.Release|iPhone.ActiveCfg = Release|iPhone
		{B23A64E4-40E9-4DEF-8533-E7BA263D2803}.Release|iPhone.Build.0 = Release|iPhone
		{B23A64E4-40E9-4DEF-8533-E7BA263D2803}.Release|iPhoneSimulator.ActiveCfg = Release|iPhoneSimulator
		{B23A64E4-40E9-4DEF-8533-E7BA263D2803}.Release|iPhoneSimulator.Build.0 = Release|iPhoneSimulator
		{32863686-BE81-40F5-8A50-606D051F2F96}.Ad-Hoc|Any CPU.ActiveCfg = Release|Any CPU
		{32863686-BE81-40F5-8A50-606D051F2F96}.Ad-Hoc|Any CPU.Build.0 = Release|Any CPU
		{32863686-BE81-40F5-8A50-606D051F2F96}.Ad-Hoc|Any CPU.Deploy.0 = Release|Any CPU
		{32863686-BE81-40F5-8A50-606D051F2F96}.Ad-Hoc|iPhone.ActiveCfg = Release|Any CPU
		{32863686-BE81-40F5-8A50-606D051F2F96}.Ad-Hoc|iPhone.Build.0 = Release|Any CPU
		{32863686-BE81-40F5-8A50-606D051F2F96}.Ad-Hoc|iPhone.Deploy.0 = Release|Any CPU
		{32863686-BE81-40F5-8A50-606D051F2F96}.Ad-Hoc|iPhoneSimulator.ActiveCfg = Release|Any CPU
		{32863686-BE81-40F5-8A50-606D051F2F96}.Ad-Hoc|iPhoneSimulator.Build.0 = Release|Any CPU
		{32863686-BE81-40F5-8A50-606D051F2F96}.Ad-Hoc|iPhoneSimulator.Deploy.0 = Release|Any CPU
		{32863686-BE81-40F5-8A50-606D051F2F96}.AppStore|Any CPU.ActiveCfg = Release|Any CPU
		{32863686-BE81-40F5-8A50-606D051F2F96}.AppStore|Any CPU.Build.0 = Release|Any CPU
		{32863686-BE81-40F5-8A50-606D051F2F96}.AppStore|Any CPU.Deploy.0 = Release|Any CPU
		{32863686-BE81-40F5-8A50-606D051F2F96}.AppStore|iPhone.ActiveCfg = Release|Any CPU
		{32863686-BE81-40F5-8A50-606D051F2F96}.AppStore|iPhone.Build.0 = Release|Any CPU
		{32863686-BE81-40F5-8A50-606D051F2F96}.AppStore|iPhone.Deploy.0 = Release|Any CPU
		{32863686-BE81-40F5-8A50-606D051F2F96}.AppStore|iPhoneSimulator.ActiveCfg = Release|Any CPU
		{32863686-BE81-40F5-8A50-606D051F2F96}.AppStore|iPhoneSimulator.Build.0 = Release|Any CPU
		{32863686-BE81-40F5-8A50-606D051F2F96}.AppStore|iPhoneSimulator.Deploy.0 = Release|Any CPU
		{32863686-BE81-40F5-8A50-606D051F2F96}.Debug|Any CPU.ActiveCfg = Debug|Any CPU
		{32863686-BE81-40F5-8A50-606D051F2F96}.Debug|Any CPU.Build.0 = Debug|Any CPU
		{32863686-BE81-40F5-8A50-606D051F2F96}.Debug|Any CPU.Deploy.0 = Debug|Any CPU
		{32863686-BE81-40F5-8A50-606D051F2F96}.Debug|iPhone.ActiveCfg = Debug|Any CPU
		{32863686-BE81-40F5-8A50-606D051F2F96}.Debug|iPhone.Build.0 = Debug|Any CPU
		{32863686-BE81-40F5-8A50-606D051F2F96}.Debug|iPhone.Deploy.0 = Debug|Any CPU
		{32863686-BE81-40F5-8A50-606D051F2F96}.Debug|iPhoneSimulator.ActiveCfg = Debug|Any CPU
		{32863686-BE81-40F5-8A50-606D051F2F96}.Debug|iPhoneSimulator.Build.0 = Debug|Any CPU
		{32863686-BE81-40F5-8A50-606D051F2F96}.Debug|iPhoneSimulator.Deploy.0 = Debug|Any CPU
		{32863686-BE81-40F5-8A50-606D051F2F96}.Release|Any CPU.ActiveCfg = Release|Any CPU
		{32863686-BE81-40F5-8A50-606D051F2F96}.Release|Any CPU.Build.0 = Release|Any CPU
		{32863686-BE81-40F5-8A50-606D051F2F96}.Release|Any CPU.Deploy.0 = Release|Any CPU
		{32863686-BE81-40F5-8A50-606D051F2F96}.Release|iPhone.ActiveCfg = Release|Any CPU
		{32863686-BE81-40F5-8A50-606D051F2F96}.Release|iPhone.Build.0 = Release|Any CPU
		{32863686-BE81-40F5-8A50-606D051F2F96}.Release|iPhone.Deploy.0 = Release|Any CPU
		{32863686-BE81-40F5-8A50-606D051F2F96}.Release|iPhoneSimulator.ActiveCfg = Release|Any CPU
		{32863686-BE81-40F5-8A50-606D051F2F96}.Release|iPhoneSimulator.Build.0 = Release|Any CPU
		{32863686-BE81-40F5-8A50-606D051F2F96}.Release|iPhoneSimulator.Deploy.0 = Release|Any CPU
	EndGlobalSection
	GlobalSection(SolutionProperties) = preSolution
		HideSolutionNode = FALSE
	EndGlobalSection
EndGlobal
